
Microsoft Visual Studio Solution File, Format Version 12.00
# Visual Studio Version 17
VisualStudioVersion = 17.0.31903.59
MinimumVisualStudioVersion = 10.0.40219.1
Project("{FAE04EC0-301F-11D3-BF4B-00C04F79EFBC}") = "WebApi", "WebApi\WebApi.csproj", "{DC30D002-CA12-40DA-B0AE-EF6D39D23097}"
EndProject
Project("{FAE04EC0-301F-11D3-BF4B-00C04F79EFBC}") = "Infrastructure", "Infrastructure\Infrastructure.csproj", "{105B8F1E-C631-4100-A062-F5FB3399145A}"
EndProject
Project("{FAE04EC0-301F-11D3-BF4B-00C04F79EFBC}") = "Presentation", "Presentation\Presentation.csproj", "{E49BADAC-FC5B-4403-8159-E19EB1557C51}"
EndProject
Project("{FAE04EC0-301F-11D3-BF4B-00C04F79EFBC}") = "UseCases", "UseCases\UseCases.csproj", "{635A6E61-3B5F-4C21-8713-115F25786537}"
EndProject
Project("{FAE04EC0-301F-11D3-BF4B-00C04F79EFBC}") = "Core", "Core\Core.csproj", "{08DAB4C1-1B1B-4F7B-8EE7-DDD6C2BEB25D}"
EndProject
Project("{FAE04EC0-301F-11D3-BF4B-00C04F79EFBC}") = "DTOs", "DTOs\DTOs.csproj", "{8F5F9962-B222-4E7E-9634-7632F2D6A25F}"
EndProject
Global
	GlobalSection(SolutionConfigurationPlatforms) = preSolution
		Debug|Any CPU = Debug|Any CPU
		Debug|x64 = Debug|x64
		Debug|x86 = Debug|x86
		Release|Any CPU = Release|Any CPU
		Release|x64 = Release|x64
		Release|x86 = Release|x86
	EndGlobalSection
	GlobalSection(ProjectConfigurationPlatforms) = postSolution
		{DC30D002-CA12-40DA-B0AE-EF6D39D23097}.Debug|Any CPU.ActiveCfg = Debug|Any CPU
		{DC30D002-CA12-40DA-B0AE-EF6D39D23097}.Debug|Any CPU.Build.0 = Debug|Any CPU
		{DC30D002-CA12-40DA-B0AE-EF6D39D23097}.Debug|x64.ActiveCfg = Debug|Any CPU
		{DC30D002-CA12-40DA-B0AE-EF6D39D23097}.Debug|x64.Build.0 = Debug|Any CPU
		{DC30D002-CA12-40DA-B0AE-EF6D39D23097}.Debug|x86.ActiveCfg = Debug|Any CPU
		{DC30D002-CA12-40DA-B0AE-EF6D39D23097}.Debug|x86.Build.0 = Debug|Any CPU
		{DC30D002-CA12-40DA-B0AE-EF6D39D23097}.Release|Any CPU.ActiveCfg = Release|Any CPU
		{DC30D002-CA12-40DA-B0AE-EF6D39D23097}.Release|Any CPU.Build.0 = Release|Any CPU
		{DC30D002-CA12-40DA-B0AE-EF6D39D23097}.Release|x64.ActiveCfg = Release|Any CPU
		{DC30D002-CA12-40DA-B0AE-EF6D39D23097}.Release|x64.Build.0 = Release|Any CPU
		{DC30D002-CA12-40DA-B0AE-EF6D39D23097}.Release|x86.ActiveCfg = Release|Any CPU
		{DC30D002-CA12-40DA-B0AE-EF6D39D23097}.Release|x86.Build.0 = Release|Any CPU
		{105B8F1E-C631-4100-A062-F5FB3399145A}.Debug|Any CPU.ActiveCfg = Debug|Any CPU
		{105B8F1E-C631-4100-A062-F5FB3399145A}.Debug|Any CPU.Build.0 = Debug|Any CPU
		{105B8F1E-C631-4100-A062-F5FB3399145A}.Debug|x64.ActiveCfg = Debug|Any CPU
		{105B8F1E-C631-4100-A062-F5FB3399145A}.Debug|x64.Build.0 = Debug|Any CPU
		{105B8F1E-C631-4100-A062-F5FB3399145A}.Debug|x86.ActiveCfg = Debug|Any CPU
		{105B8F1E-C631-4100-A062-F5FB3399145A}.Debug|x86.Build.0 = Debug|Any CPU
		{105B8F1E-C631-4100-A062-F5FB3399145A}.Release|Any CPU.ActiveCfg = Release|Any CPU
		{105B8F1E-C631-4100-A062-F5FB3399145A}.Release|Any CPU.Build.0 = Release|Any CPU
		{105B8F1E-C631-4100-A062-F5FB3399145A}.Release|x64.ActiveCfg = Release|Any CPU
		{105B8F1E-C631-4100-A062-F5FB3399145A}.Release|x64.Build.0 = Release|Any CPU
		{105B8F1E-C631-4100-A062-F5FB3399145A}.Release|x86.ActiveCfg = Release|Any CPU
		{105B8F1E-C631-4100-A062-F5FB3399145A}.Release|x86.Build.0 = Release|Any CPU
		{E49BADAC-FC5B-4403-8159-E19EB1557C51}.Debug|Any CPU.ActiveCfg = Debug|Any CPU
		{E49BADAC-FC5B-4403-8159-E19EB1557C51}.Debug|Any CPU.Build.0 = Debug|Any CPU
		{E49BADAC-FC5B-4403-8159-E19EB1557C51}.Debug|x64.ActiveCfg = Debug|Any CPU
		{E49BADAC-FC5B-4403-8159-E19EB1557C51}.Debug|x64.Build.0 = Debug|Any CPU
		{E49BADAC-FC5B-4403-8159-E19EB1557C51}.Debug|x86.ActiveCfg = Debug|Any CPU
		{E49BADAC-FC5B-4403-8159-E19EB1557C51}.Debug|x86.Build.0 = Debug|Any CPU
		{E49BADAC-FC5B-4403-8159-E19EB1557C51}.Release|Any CPU.ActiveCfg = Release|Any CPU
		{E49BADAC-FC5B-4403-8159-E19EB1557C51}.Release|Any CPU.Build.0 = Release|Any CPU
		{E49BADAC-FC5B-4403-8159-E19EB1557C51}.Release|x64.ActiveCfg = Release|Any CPU
		{E49BADAC-FC5B-4403-8159-E19EB1557C51}.Release|x64.Build.0 = Release|Any CPU
		{E49BADAC-FC5B-4403-8159-E19EB1557C51}.Release|x86.ActiveCfg = Release|Any CPU
		{E49BADAC-FC5B-4403-8159-E19EB1557C51}.Release|x86.Build.0 = Release|Any CPU
		{635A6E61-3B5F-4C21-8713-115F25786537}.Debug|Any CPU.ActiveCfg = Debug|Any CPU
		{635A6E61-3B5F-4C21-8713-115F25786537}.Debug|Any CPU.Build.0 = Debug|Any CPU
		{635A6E61-3B5F-4C21-8713-115F25786537}.Debug|x64.ActiveCfg = Debug|Any CPU
		{635A6E61-3B5F-4C21-8713-115F25786537}.Debug|x64.Build.0 = Debug|Any CPU
		{635A6E61-3B5F-4C21-8713-115F25786537}.Debug|x86.ActiveCfg = Debug|Any CPU
		{635A6E61-3B5F-4C21-8713-115F25786537}.Debug|x86.Build.0 = Debug|Any CPU
		{635A6E61-3B5F-4C21-8713-115F25786537}.Release|Any CPU.ActiveCfg = Release|Any CPU
		{635A6E61-3B5F-4C21-8713-115F25786537}.Release|Any CPU.Build.0 = Release|Any CPU
		{635A6E61-3B5F-4C21-8713-115F25786537}.Release|x64.ActiveCfg = Release|Any CPU
		{635A6E61-3B5F-4C21-8713-115F25786537}.Release|x64.Build.0 = Release|Any CPU
		{635A6E61-3B5F-4C21-8713-115F25786537}.Release|x86.ActiveCfg = Release|Any CPU
		{635A6E61-3B5F-4C21-8713-115F25786537}.Release|x86.Build.0 = Release|Any CPU
		{08DAB4C1-1B1B-4F7B-8EE7-DDD6C2BEB25D}.Debug|Any CPU.ActiveCfg = Debug|Any CPU
		{08DAB4C1-1B1B-4F7B-8EE7-DDD6C2BEB25D}.Debug|Any CPU.Build.0 = Debug|Any CPU
		{08DAB4C1-1B1B-4F7B-8EE7-DDD6C2BEB25D}.Debug|x64.ActiveCfg = Debug|Any CPU
		{08DAB4C1-1B1B-4F7B-8EE7-DDD6C2BEB25D}.Debug|x64.Build.0 = Debug|Any CPU
		{08DAB4C1-1B1B-4F7B-8EE7-DDD6C2BEB25D}.Debug|x86.ActiveCfg = Debug|Any CPU
		{08DAB4C1-1B1B-4F7B-8EE7-DDD6C2BEB25D}.Debug|x86.Build.0 = Debug|Any CPU
		{08DAB4C1-1B1B-4F7B-8EE7-DDD6C2BEB25D}.Release|Any CPU.ActiveCfg = Release|Any CPU
		{08DAB4C1-1B1B-4F7B-8EE7-DDD6C2BEB25D}.Release|Any CPU.Build.0 = Release|Any CPU
		{08DAB4C1-1B1B-4F7B-8EE7-DDD6C2BEB25D}.Release|x64.ActiveCfg = Release|Any CPU
		{08DAB4C1-1B1B-4F7B-8EE7-DDD6C2BEB25D}.Release|x64.Build.0 = Release|Any CPU
		{08DAB4C1-1B1B-4F7B-8EE7-DDD6C2BEB25D}.Release|x86.ActiveCfg = Release|Any CPU
		{08DAB4C1-1B1B-4F7B-8EE7-DDD6C2BEB25D}.Release|x86.Build.0 = Release|Any CPU
		{8F5F9962-B222-4E7E-9634-7632F2D6A25F}.Debug|Any CPU.ActiveCfg = Debug|Any CPU
		{8F5F9962-B222-4E7E-9634-7632F2D6A25F}.Debug|Any CPU.Build.0 = Debug|Any CPU
		{8F5F9962-B222-4E7E-9634-7632F2D6A25F}.Debug|x64.ActiveCfg = Debug|Any CPU
		{8F5F9962-B222-4E7E-9634-7632F2D6A25F}.Debug|x64.Build.0 = Debug|Any CPU
		{8F5F9962-B222-4E7E-9634-7632F2D6A25F}.Debug|x86.ActiveCfg = Debug|Any CPU
		{8F5F9962-B222-4E7E-9634-7632F2D6A25F}.Debug|x86.Build.0 = Debug|Any CPU
		{8F5F9962-B222-4E7E-9634-7632F2D6A25F}.Release|Any CPU.ActiveCfg = Release|Any CPU
		{8F5F9962-B222-4E7E-9634-7632F2D6A25F}.Release|Any CPU.Build.0 = Release|Any CPU
		{8F5F9962-B222-4E7E-9634-7632F2D6A25F}.Release|x64.ActiveCfg = Release|Any CPU
		{8F5F9962-B222-4E7E-9634-7632F2D6A25F}.Release|x64.Build.0 = Release|Any CPU
		{8F5F9962-B222-4E7E-9634-7632F2D6A25F}.Release|x86.ActiveCfg = Release|Any CPU
		{8F5F9962-B222-4E7E-9634-7632F2D6A25F}.Release|x86.Build.0 = Release|Any CPU
	EndGlobalSection
	GlobalSection(SolutionProperties) = preSolution
		HideSolutionNode = FALSE
	EndGlobalSection
EndGlobal
